// !$*UTF8*$!
{
	archiveVersion = 1;
	classes = {
	};
	objectVersion = 56;
	objects = {

/* Begin PBXBuildFile section */
		69670CF22F7C305A00CF38A0 /* Lab02_3.cpp in Sources */ = {isa = PBXBuildFile; fileRef = 69E1079D2CB3E9920066EE83 /* Lab02_3.cpp */; };
		69670CF32F7C305A00CF38A0 /* MazeExplorer.h in Sources */ = {isa = PBXBuildFile; fileRef = 6954E2B32BA9B029002B22CC /* MazeExplorer.h */; };
		69670CF42F7C305A00CF38A0 /* MazeExplorer.cpp in Sources */ = {isa = PBXBuildFile; fileRef = 697034B82BB2E8FF001797CB /* MazeExplorer.cpp */; };
		69670CF52F7C305A00CF38A0 /* StackType.h in Sources */ = {isa = PBXBuildFile; fileRef = 697034B72BB2E8E4001797CB /* StackType.h */; };
/* End PBXBuildFile section */

/* Begin PBXCopyFilesBuildPhase section */
		D8326F412AB848AF001C5973 /* CopyFiles */ = {
			isa = PBXCopyFilesBuildPhase;
			buildActionMask = 2147483647;
			dstPath = /usr/share/man/man1/;
			dstSubfolderSpec = 0;
			files = (
			);
			runOnlyForDeploymentPostprocessing = 1;
		};
/* End PBXCopyFilesBuildPhase section */

/* Begin PBXFileReference section */
		6954E2B32BA9B029002B22CC /* MazeExplorer.h */ = {isa = PBXFileReference; lastKnownFileType = sourcecode.c.h; path = MazeExplorer.h; sourceTree = "<group>"; };
		697034B72BB2E8E4001797CB /* StackType.h */ = {isa = PBXFileReference; lastKnownFileType = sourcecode.c.h; path = StackType.h; sourceTree = "<group>"; };
		697034B82BB2E8FF001797CB /* MazeExplorer.cpp */ = {isa = PBXFileReference; lastKnownFileType = sourcecode.cpp.cpp; path = MazeExplorer.cpp; sourceTree = "<group>"; };
		698179E02CA2E5740003E3C7 /* SortedType.h */ = {isa = PBXFileReference; fileEncoding = 4; lastKnownFileType = sourcecode.c.h; path = SortedType.h; sourceTree = "<group>"; };
		698179E12CA2E5740003E3C7 /* Lab02_1.cpp */ = {isa = PBXFileReference; fileEncoding = 4; lastKnownFileType = sourcecode.cpp.cpp; path = Lab02_1.cpp; sourceTree = "<group>"; };
		6988D8162E961ECE00E00DE0 /* Lab02_2.cpp */ = {isa = PBXFileReference; lastKnownFileType = sourcecode.cpp.cpp; path = Lab02_2.cpp; sourceTree = "<group>"; };
		6988D8172E961EDD00E00DE0 /* StackType.cpp */ = {isa = PBXFileReference; lastKnownFileType = sourcecode.cpp.cpp; path = StackType.cpp; sourceTree = "<group>"; };
		6988D8182E961EDD00E00DE0 /* StackType.h */ = {isa = PBXFileReference; lastKnownFileType = sourcecode.c.h; path = StackType.h; sourceTree = "<group>"; };
		6988D8192E961EDD00E00DE0 /* SortedType.h */ = {isa = PBXFileReference; lastKnownFileType = sourcecode.c.h; path = SortedType.h; sourceTree = "<group>"; };
		6988D81A2E961EDD00E00DE0 /* reversingOrder.cpp */ = {isa = PBXFileReference; lastKnownFileType = sourcecode.cpp.cpp; path = reversingOrder.cpp; sourceTree = "<group>"; };
		6988D81B2E961EDD00E00DE0 /* reversingOrder.h */ = {isa = PBXFileReference; lastKnownFileType = sourcecode.c.h; path = reversingOrder.h; sourceTree = "<group>"; };
		69E1079D2CB3E9920066EE83 /* Lab02_3.cpp */ = {isa = PBXFileReference; lastKnownFileType = sourcecode.cpp.cpp; path = Lab02_3.cpp; sourceTree = "<group>"; };
		D8326F432AB848AF001C5973 /* Lab02 */ = {isa = PBXFileReference; explicitFileType = "compiled.mach-o.executable"; includeInIndex = 0; path = Lab02; sourceTree = BUILT_PRODUCTS_DIR; };
/* End PBXFileReference section */

/* Begin PBXFrameworksBuildPhase section */
		D8326F402AB848AF001C5973 /* Frameworks */ = {
			isa = PBXFrameworksBuildPhase;
			buildActionMask = 2147483647;
			files = (
			);
			runOnlyForDeploymentPostprocessing = 0;
		};
/* End PBXFrameworksBuildPhase section */

/* Begin PBXGroup section */
		6954E2812BA99E1D002B22CC /* Lab02-1 */ = {
			isa = PBXGroup;
			children = (
				698179E12CA2E5740003E3C7 /* Lab02_1.cpp */,
				698179E02CA2E5740003E3C7 /* SortedType.h */,
			);
			path = "Lab02-1";
			sourceTree = "<group>";
		};
		6954E29A2BA9A64C002B22CC /* Lab02-2 */ = {
			isa = PBXGroup;
			children = (
				6988D8162E961ECE00E00DE0 /* Lab02_2.cpp */,
				6988D8172E961EDD00E00DE0 /* StackType.cpp */,
				6988D8182E961EDD00E00DE0 /* StackType.h */,
				6988D8192E961EDD00E00DE0 /* SortedType.h */,
				6988D81A2E961EDD00E00DE0 /* reversingOrder.cpp */,
				6988D81B2E961EDD00E00DE0 /* reversingOrder.h */,
			);
			path = "Lab02-2";
			sourceTree = "<group>";
		};
		D8326F3A2AB848AF001C5973 = {
			isa = PBXGroup;
			children = (
				6954E2812BA99E1D002B22CC /* Lab02-1 */,
				6954E29A2BA9A64C002B22CC /* Lab02-2 */,
				D8326F4D2AB84949001C5973 /* Lab02-3 */,
				D8326F442AB848AF001C5973 /* Products */,
			);
			sourceTree = "<group>";
		};
		D8326F442AB848AF001C5973 /* Products */ = {
			isa = PBXGroup;
			children = (
				D8326F432AB848AF001C5973 /* Lab02 */,
			);
			name = Products;
			sourceTree = "<group>";
		};
		D8326F4D2AB84949001C5973 /* Lab02-3 */ = {
			isa = PBXGroup;
			children = (
				69E1079D2CB3E9920066EE83 /* Lab02_3.cpp */,
				6954E2B32BA9B029002B22CC /* MazeExplorer.h */,
				697034B82BB2E8FF001797CB /* MazeExplorer.cpp */,
				697034B72BB2E8E4001797CB /* StackType.h */,
			);
			path = "Lab02-3";
			sourceTree = "<group>";
		};
/* End PBXGroup section */

/* Begin PBXNativeTarget section */
		D8326F422AB848AF001C5973 /* Lab02 */ = {
			isa = PBXNativeTarget;
			buildConfigurationList = D8326F4A2AB848AF001C5973 /* Build configuration list for PBXNativeTarget "Lab02" */;
			buildPhases = (
				D8326F402AB848AF001C5973 /* Frameworks */,
				D8326F412AB848AF001C5973 /* CopyFiles */,
				D8326F722AB8770C001C5973 /* Sources */,
			);
			buildRules = (
			);
			dependencies = (
			);
			name = Lab02;
			productName = Lab01;
			productReference = D8326F432AB848AF001C5973 /* Lab02 */;
			productType = "com.apple.product-type.tool";
		};
/* End PBXNativeTarget section */

/* Begin PBXProject section */
		D8326F3B2AB848AF001C5973 /* Project object */ = {
			isa = PBXProject;
			attributes = {
				BuildIndependentTargetsInParallel = 1;
				LastUpgradeCheck = 1430;
				TargetAttributes = {
					D8326F422AB848AF001C5973 = {
						CreatedOnToolsVersion = 14.3.1;
					};
				};
			};
			buildConfigurationList = D8326F3E2AB848AF001C5973 /* Build configuration list for PBXProject "Lab02" */;
			compatibilityVersion = "Xcode 14.0";
			developmentRegion = en;
			hasScannedForEncodings = 0;
			knownRegions = (
				en,
				Base,
			);
			mainGroup = D8326F3A2AB848AF001C5973;
			productRefGroup = D8326F442AB848AF001C5973 /* Products */;
			projectDirPath = "";
			projectRoot = "";
			targets = (
				D8326F422AB848AF001C5973 /* Lab02 */,
			);
		};
/* End PBXProject section */

/* Begin PBXSourcesBuildPhase section */
		D8326F722AB8770C001C5973 /* Sources */ = {
			isa = PBXSourcesBuildPhase;
			buildActionMask = 2147483647;
			files = (
				69670CF22F7C305A00CF38A0 /* Lab02_3.cpp in Sources */,
				69670CF32F7C305A00CF38A0 /* MazeExplorer.h in Sources */,
				69670CF42F7C305A00CF38A0 /* MazeExplorer.cpp in Sources */,
				69670CF52F7C305A00CF38A0 /* StackType.h in Sources */,
			);
			runOnlyForDeploymentPostprocessing = 0;
		};
/* End PBXSourcesBuildPhase section */

/* Begin XCBuildConfiguration section */
		D8326F482AB848AF001C5973 /* Debug */ = {
			isa = XCBuildConfiguration;
			buildSettings = {
				ALWAYS_SEARCH_USER_PATHS = NO;
				CLANG_ANALYZER_NONNULL = YES;
				CLANG_ANALYZER_NUMBER_OBJECT_CONVERSION = YES_AGGRESSIVE;
				CLANG_CXX_LANGUAGE_STANDARD = "gnu++20";
				CLANG_ENABLE_MODULES = YES;
				CLANG_ENABLE_OBJC_ARC = YES;
				CLANG_ENABLE_OBJC_WEAK = YES;
				CLANG_WARN_BLOCK_CAPTURE_AUTORELEASING = YES;
				CLANG_WARN_BOOL_CONVERSION = YES;
				CLANG_WARN_COMMA = YES;
				CLANG_WARN_CONSTANT_CONVERSION = YES;
				CLANG_WARN_DEPRECATED_OBJC_IMPLEMENTATIONS = YES;
				CLANG_WARN_DIRECT_OBJC_ISA_USAGE = YES_ERROR;
				CLANG_WARN_DOCUMENTATION_COMMENTS = YES;
				CLANG_WARN_EMPTY_BODY = YES;
				CLANG_WARN_ENUM_CONVERSION = YES;
				CLANG_WARN_INFINITE_RECURSION = YES;
				CLANG_WARN_INT_CONVERSION = YES;
				CLANG_WARN_NON_LITERAL_NULL_CONVERSION = YES;
				CLANG_WARN_OBJC_IMPLICIT_RETAIN_SELF = YES;
				CLANG_WARN_OBJC_LITERAL_CONVERSION = YES;
				CLANG_WARN_OBJC_ROOT_CLASS = YES_ERROR;
				CLANG_WARN_QUOTED_INCLUDE_IN_FRAMEWORK_HEADER = YES;
				CLANG_WARN_RANGE_LOOP_ANALYSIS = YES;
				CLANG_WARN_STRICT_PROTOTYPES = YES;
				CLANG_WARN_SUSPICIOUS_MOVE = YES;
				CLANG_WARN_UNGUARDED_AVAILABILITY = YES_AGGRESSIVE;
				CLANG_WARN_UNREACHABLE_CODE = YES;
				CLANG_WARN__DUPLICATE_METHOD_MATCH = YES;
				COPY_PHASE_STRIP = NO;
				DEBUG_INFORMATION_FORMAT = dwarf;
				ENABLE_STRICT_OBJC_MSGSEND = YES;
				ENABLE_TESTABILITY = YES;
				GCC_C_LANGUAGE_STANDARD = gnu11;
				GCC_DYNAMIC_NO_PIC = NO;
				GCC_NO_COMMON_BLOCKS = YES;
				GCC_OPTIMIZATION_LEVEL = 0;
				GCC_PREPROCESSOR_DEFINITIONS = (
					"DEBUG=1",
					"$(inherited)",
				);
				GCC_WARN_64_TO_32_BIT_CONVERSION = YES;
				GCC_WARN_ABOUT_RETURN_TYPE = YES_ERROR;
				GCC_WARN_UNDECLARED_SELECTOR = YES;
				GCC_WARN_UNINITIALIZED_AUTOS = YES_AGGRESSIVE;
				GCC_WARN_UNUSED_FUNCTION = YES;
				GCC_WARN_UNUSED_VARIABLE = YES;
				MACOSX_DEPLOYMENT_TARGET = 13.3;
				MTL_ENABLE_DEBUG_INFO = INCLUDE_SOURCE;
				MTL_FAST_MATH = YES;
				ONLY_ACTIVE_ARCH = YES;
				SDKROOT = macosx;
			};
			name = Debug;
		};
		D8326F492AB848AF001C5973 /* Release */ = {
			isa = XCBuildConfiguration;
			buildSettings = {
				ALWAYS_SEARCH_USER_PATHS = NO;
				CLANG_ANALYZER_NONNULL = YES;
				CLANG_ANALYZER_NUMBER_OBJECT_CONVERSION = YES_AGGRESSIVE;
				CLANG_CXX_LANGUAGE_STANDARD = "gnu++20";
				CLANG_ENABLE_MODULES = YES;
				CLANG_ENABLE_OBJC_ARC = YES;
				CLANG_ENABLE_OBJC_WEAK = YES;
				CLANG_WARN_BLOCK_CAPTURE_AUTORELEASING = YES;
				CLANG_WARN_BOOL_CONVERSION = YES;
				CLANG_WARN_COMMA = YES;
				CLANG_WARN_CONSTANT_CONVERSION = YES;
				CLANG_WARN_DEPRECATED_OBJC_IMPLEMENTATIONS = YES;
				CLANG_WARN_DIRECT_OBJC_ISA_USAGE = YES_ERROR;
				CLANG_WARN_DOCUMENTATION_COMMENTS = YES;
				CLANG_WARN_EMPTY_BODY = YES;
				CLANG_WARN_ENUM_CONVERSION = YES;
				CLANG_WARN_INFINITE_RECURSION = YES;
				CLANG_WARN_INT_CONVERSION = YES;
				CLANG_WARN_NON_LITERAL_NULL_CONVERSION = YES;
				CLANG_WARN_OBJC_IMPLICIT_RETAIN_SELF = YES;
				CLANG_WARN_OBJC_LITERAL_CONVERSION = YES;
				CLANG_WARN_OBJC_ROOT_CLASS = YES_ERROR;
				CLANG_WARN_QUOTED_INCLUDE_IN_FRAMEWORK_HEADER = YES;
				CLANG_WARN_RANGE_LOOP_ANALYSIS = YES;
				CLANG_WARN_STRICT_PROTOTYPES = YES;
				CLANG_WARN_SUSPICIOUS_MOVE = YES;
				CLANG_WARN_UNGUARDED_AVAILABILITY = YES_AGGRESSIVE;
				CLANG_WARN_UNREACHABLE_CODE = YES;
				CLANG_WARN__DUPLICATE_METHOD_MATCH = YES;
				COPY_PHASE_STRIP = NO;
				DEBUG_INFORMATION_FORMAT = "dwarf-with-dsym";
				ENABLE_NS_ASSERTIONS = NO;
				ENABLE_STRICT_OBJC_MSGSEND = YES;
				GCC_C_LANGUAGE_STANDARD = gnu11;
				GCC_NO_COMMON_BLOCKS = YES;
				GCC_WARN_64_TO_32_BIT_CONVERSION = YES;
				GCC_WARN_ABOUT_RETURN_TYPE = YES_ERROR;
				GCC_WARN_UNDECLARED_SELECTOR = YES;
				GCC_WARN_UNINITIALIZED_AUTOS = YES_AGGRESSIVE;
				GCC_WARN_UNUSED_FUNCTION = YES;
				GCC_WARN_UNUSED_VARIABLE = YES;
				MACOSX_DEPLOYMENT_TARGET = 13.3;
				MTL_ENABLE_DEBUG_INFO = NO;
				MTL_FAST_MATH = YES;
				SDKROOT = macosx;
			};
			name = Release;
		};
		D8326F4B2AB848AF001C5973 /* Debug */ = {
			isa = XCBuildConfiguration;
			buildSettings = {
				CODE_SIGN_STYLE = Automatic;
				PRODUCT_NAME = "$(TARGET_NAME)";
			};
			name = Debug;
		};
		D8326F4C2AB848AF001C5973 /* Release */ = {
			isa = XCBuildConfiguration;
			buildSettings = {
				CODE_SIGN_STYLE = Automatic;
				PRODUCT_NAME = "$(TARGET_NAME)";
			};
			name = Release;
		};
/* End XCBuildConfiguration section */

/* Begin XCConfigurationList section */
		D8326F3E2AB848AF001C5973 /* Build configuration list for PBXProject "Lab02" */ = {
			isa = XCConfigurationList;
			buildConfigurations = (
				D8326F482AB848AF001C5973 /* Debug */,
				D8326F492AB848AF001C5973 /* Release */,
			);
			defaultConfigurationIsVisible = 0;
			defaultConfigurationName = Release;
		};
		D8326F4A2AB848AF001C5973 /* Build configuration list for PBXNativeTarget "Lab02" */ = {
			isa = XCConfigurationList;
			buildConfigurations = (
				D8326F4B2AB848AF001C5973 /* Debug */,
				D8326F4C2AB848AF001C5973 /* Release */,
			);
			defaultConfigurationIsVisible = 0;
			defaultConfigurationName = Release;
		};
/* End XCConfigurationList section */
	};
	rootObject = D8326F3B2AB848AF001C5973 /* Project object */;
}
