<?xml version="1.0" encoding="utf-8"?>
<Project ToolsVersion="4.0" xmlns="http://schemas.microsoft.com/developer/msbuild/2003">
  <ItemGroup>
    <Filter Include="소스 파일">
      <UniqueIdentifier>{4FC737F1-C7A5-4376-A066-2A32D752A2FF}</UniqueIdentifier>
      <Extensions>cpp;c;cc;cxx;c++;cppm;ixx;def;odl;idl;hpj;bat;asm;asmx</Extensions>
    </Filter>
    <Filter Include="헤더 파일">
      <UniqueIdentifier>{93995380-89BD-4b04-88EB-625FBE52EBFB}</UniqueIdentifier>
      <Extensions>h;hh;hpp;hxx;h++;hm;inl;inc;ipp;xsd</Extensions>
    </Filter>
    <Filter Include="리소스 파일">
      <UniqueIdentifier>{67DA6AB6-F800-4c08-8B7A-83BB121AAD01}</UniqueIdentifier>
      <Extensions>rc;ico;cur;bmp;dlg;rc2;rct;bin;rgs;gif;jpg;jpeg;jpe;resx;tiff;tif;png;wav;mfcribbon-ms</Extensions>
    </Filter>
    <Filter Include="소스 파일\Lab02-1">
      <UniqueIdentifier>{36cd2a48-6f4e-4c4f-b248-6da32f949087}</UniqueIdentifier>
    </Filter>
    <Filter Include="소스 파일\Lab02-2">
      <UniqueIdentifier>{f4bdc047-475c-478a-8cd8-1064be88941e}</UniqueIdentifier>
    </Filter>
    <Filter Include="소스 파일\Lab02-3">
      <UniqueIdentifier>{1b1c4a44-93b8-4c5e-81df-1f54a69c663b}</UniqueIdentifier>
    </Filter>
  </ItemGroup>
  <ItemGroup>
    <ClInclude Include="..\Lab02-1\SortedType.h">
      <Filter>소스 파일\Lab02-1</Filter>
    </ClInclude>
    <ClInclude Include="..\Lab02-3\MazeExplorer.h">
      <Filter>소스 파일\Lab02-3</Filter>
    </ClInclude>
    <ClInclude Include="..\Lab02-3\StackType.h">
      <Filter>소스 파일\Lab02-3</Filter>
    </ClInclude>
    <ClInclude Include="..\Lab02-2\reversingOrder.h">
      <Filter>소스 파일\Lab02-2</Filter>
    </ClInclude>
    <ClInclude Include="..\Lab02-2\SortedType.h">
      <Filter>소스 파일\Lab02-2</Filter>
    </ClInclude>
    <ClInclude Include="..\Lab02-2\StackType.h">
      <Filter>소스 파일\Lab02-2</Filter>
    </ClInclude>
  </ItemGroup>
  <ItemGroup>
    <ClCompile Include="..\Lab02-1\Lab02_1.cpp">
      <Filter>소스 파일\Lab02-1</Filter>
    </ClCompile>
    <ClCompile Include="..\Lab02-3\MazeExplorer.cpp">
      <Filter>소스 파일\Lab02-3</Filter>
    </ClCompile>
    <ClCompile Include="..\Lab02-3\Lab02_3.cpp">
      <Filter>소스 파일\Lab02-3</Filter>
    </ClCompile>
    <ClCompile Include="..\Lab02-2\Lab02_2.cpp">
      <Filter>소스 파일\Lab02-2</Filter>
    </ClCompile>
    <ClCompile Include="..\Lab02-2\reversingOrder.cpp">
      <Filter>소스 파일\Lab02-2</Filter>
    </ClCompile>
    <ClCompile Include="..\Lab02-2\StackType.cpp">
      <Filter>소스 파일\Lab02-2</Filter>
    </ClCompile>
  </ItemGroup>
</Project>